# This file is automatically @generated by Cargo.
# It is not intended for manual editing.
[[package]]
name = "irc-rust"
version = "0.3.3"
source = "registry+https://github.com/rust-lang/crates.io-index"
checksum = "270dcc5c8fca522796893e260fb0c6ae9b33c2c784d89dc1b1836d8468d0cdfd"

[[package]]
name = "irc_lib"
version = "0.1.0"
dependencies = [
 "irc-rust",
]
